
Microsoft Visual Studio Solution File, Format Version 12.00
# Visual Studio Version 17
VisualStudioVersion = 17.7.34024.191
MinimumVisualStudioVersion = 10.0.40219.1
Project("{9A19103F-16F7-4668-BE54-9A1E7A4F7556}") = "HaloShaderGenerator", "HaloShaderGenerator\HaloShaderGenerator.csproj", "{17BFEFFB-1619-4647-BA40-3CD1D87FD774}"
EndProject
Project("{9A19103F-16F7-4668-BE54-9A1E7A4F7556}") = "HaloShaderGeneratorTest", "HaloShaderGeneratorTest\HaloShaderGeneratorTest.csproj", "{CC8C6886-E1C0-41D6-AD74-A194CA0D841A}"
	ProjectSection(ProjectDependencies) = postProject
		{17BFEFFB-1619-4647-BA40-3CD1D87FD774} = {17BFEFFB-1619-4647-BA40-3CD1D87FD774}
	EndProjectSection
EndProject
Project("{2150E333-8FDC-42A3-9474-1A3956D46DE8}") = "Solution Items", "Solution Items", "{402EA173-F470-4F4C-9F77-A52F7E0F5891}"
	ProjectSection(SolutionItems) = preProject
		.editorconfig = .editorconfig
	EndProjectSection
EndProject
Global
	GlobalSection(SolutionConfigurationPlatforms) = preSolution
		Debug|x64 = Debug|x64
		Debug|x86 = Debug|x86
		Release|x64 = Release|x64
		Release|x86 = Release|x86
	EndGlobalSection
	GlobalSection(ProjectConfigurationPlatforms) = postSolution
		{17BFEFFB-1619-4647-BA40-3CD1D87FD774}.Debug|x64.ActiveCfg = Debug|x64
		{17BFEFFB-1619-4647-BA40-3CD1D87FD774}.Debug|x64.Build.0 = Debug|x64
		{17BFEFFB-1619-4647-BA40-3CD1D87FD774}.Debug|x86.ActiveCfg = Debug|x86
		{17BFEFFB-1619-4647-BA40-3CD1D87FD774}.Debug|x86.Build.0 = Debug|x86
		{17BFEFFB-1619-4647-BA40-3CD1D87FD774}.Release|x64.ActiveCfg = Release|x64
		{17BFEFFB-1619-4647-BA40-3CD1D87FD774}.Release|x64.Build.0 = Release|x64
		{17BFEFFB-1619-4647-BA40-3CD1D87FD774}.Release|x86.ActiveCfg = Release|x86
		{17BFEFFB-1619-4647-BA40-3CD1D87FD774}.Release|x86.Build.0 = Release|x86
		{CC8C6886-E1C0-41D6-AD74-A194CA0D841A}.Debug|x64.ActiveCfg = Debug|x64
		{CC8C6886-E1C0-41D6-AD74-A194CA0D841A}.Debug|x64.Build.0 = Debug|x64
		{CC8C6886-E1C0-41D6-AD74-A194CA0D841A}.Debug|x86.ActiveCfg = Debug|x86
		{CC8C6886-E1C0-41D6-AD74-A194CA0D841A}.Debug|x86.Build.0 = Debug|x86
		{CC8C6886-E1C0-41D6-AD74-A194CA0D841A}.Release|x64.ActiveCfg = Release|x64
		{CC8C6886-E1C0-41D6-AD74-A194CA0D841A}.Release|x64.Build.0 = Release|x64
		{CC8C6886-E1C0-41D6-AD74-A194CA0D841A}.Release|x86.ActiveCfg = Release|x86
		{CC8C6886-E1C0-41D6-AD74-A194CA0D841A}.Release|x86.Build.0 = Release|x86
	EndGlobalSection
	GlobalSection(SolutionProperties) = preSolution
		HideSolutionNode = FALSE
	EndGlobalSection
	GlobalSection(ExtensibilityGlobals) = postSolution
		SolutionGuid = {27441D28-D38D-42A8-A775-0C7ADA9564DB}
	EndGlobalSection
EndGlobal
